
Microsoft Visual Studio Solution File, Format Version 12.00
# Visual Studio Version 17
VisualStudioVersion = 17.4.33205.214
MinimumVisualStudioVersion = 10.0.40219.1
Project("{FAE04EC0-301F-11D3-BF4B-00C04F79EFBC}") = "hw7.6_2", "hw7.6_2\hw7.6_2.csproj", "{CBD45032-B34E-4B67-B957-4FAF66142FE5}"
EndProject
Global
	GlobalSection(SolutionConfigurationPlatforms) = preSolution
		Debug|Any CPU = Debug|Any CPU
		Release|Any CPU = Release|Any CPU
	EndGlobalSection
	GlobalSection(ProjectConfigurationPlatforms) = postSolution
		{CBD45032-B34E-4B67-B957-4FAF66142FE5}.Debug|Any CPU.ActiveCfg = Debug|Any CPU
		{CBD45032-B34E-4B67-B957-4FAF66142FE5}.Debug|Any CPU.Build.0 = Debug|Any CPU
		{CBD45032-B34E-4B67-B957-4FAF66142FE5}.Release|Any CPU.ActiveCfg = Release|Any CPU
		{CBD45032-B34E-4B67-B957-4FAF66142FE5}.Release|Any CPU.Build.0 = Release|Any CPU
	EndGlobalSection
	GlobalSection(SolutionProperties) = preSolution
		HideSolutionNode = FALSE
	EndGlobalSection
	GlobalSection(ExtensibilityGlobals) = postSolution
		SolutionGuid = {B8E43E5D-F17B-42DC-91A9-13DEA4EF81E0}
	EndGlobalSection
EndGlobal
